PODS:
  - React (0.37.0):
    - React/Core (= 0.37.0)
  - React/Core (0.37.0)
  - React/RCTText (0.37.0):
    - React/Core
  - React/RCTWebSocket (0.37.0):
    - React/Core

DEPENDENCIES:
  - React (from `https://github.com/facebook/react-native.git`, tag `v0.37.0`)
  - React/RCTText (from `https://github.com/facebook/react-native.git`, tag `v0.37.0`)
  - React/RCTWebSocket (from `https://github.com/facebook/react-native.git`, tag `v0.37.0`)

EXTERNAL SOURCES:
  React:
    :git: https://github.com/facebook/react-native.git
    :tag: v0.37.0

CHECKOUT OPTIONS:
  React:
    :git: https://github.com/facebook/react-native.git
    :tag: v0.37.0

SPEC CHECKSUMS:
  React: aa8f585cbea131b6781c6ad7a1aee436e1ac5ddf

PODFILE CHECKSUM: 3eefd79f3b734e327cd72fb1033d2a61da0ddb4e

COCOAPODS: 1.2.0.rc.1
